{
	"folders": [
		{
			"path": "C:\\Users\\User\\demo\\calc"
		},
		{
			"path": "C:\\Users\\User\\Documents\\Project\\website"
		},
		{
			"path": "C:\\Users\\User\\Documents\\Project\\startbootstrap-agency-gh-pages"
		},
		{
			"path": "C:\\Users\\User\\Documents\\Project\\websitebackend"
		},
		{
			"path": "C:\\Users\\User\\my-react-app"
		},
		{
			"path": "."
		}
	],
	"settings": {}
}